{
  "name": "complementary-color",
  "version": "1.0.0",
  "lockfileVersion": 1,
  "requires": true,
  "dependencies": {
    "simple-color-converter": {
      "version": "2.0.4",
      "resolved": "https://registry.npmjs.org/simple-color-converter/-/simple-color-converter-2.0.4.tgz",
      "integrity": "sha512-D80De/UHM5lal/UvFmnw7yCw66CeDzLFsn1y9yZ/tSdwsuzV325D9u6YxRxQSfGBZEcsTOyQ8CnsfjcXe4m5kg=="
    }
  }
}
