{
  "name": "complementary-color",
  "version": "1.0.0",
  "lockfileVersion": 1,
  "requires": true,
  "dependencies": {
    "simple-color-converter": {
      "version": "2.1.3",
      "resolved": "https://registry.npmjs.org/simple-color-converter/-/simple-color-converter-2.1.3.tgz",
      "integrity": "sha512-+NiqFANi7OSiA5LAwmpBdafxmk6xz0w0408+BXSSfxqJJCZXf+aLWpJ7o8zUmEuCPyDsX1tWINGOS3kS0EjkTA=="
    }
  }
}
